<Solution>
  <Folder Name="/dist/">
    <Project Path="src/dist-nuget/dist-nuget.csproj" />
    <Project Path="src/dist-tests/dist-tests.csproj" />
  </Folder>
  <Folder Name="/Solution Items/">
    <File Path=".gitattributes" />
    <File Path=".github/workflows/Cogito.Seq.yml" />
    <File Path=".gitignore" />
    <File Path="appveyor.yml" />
    <File Path="Cogito.Seq.dist.msbuildproj" />
    <File Path="Directory.Build.props" />
    <File Path="GitVersion.yml" />
    <File Path="global.json" />
    <File Path="icon.png" />
    <File Path="LICENSE" />
  </Folder>
  <Folder Name="/src/">
    <Project Path="src/Cogito.Seq.Autofac/Cogito.Seq.Autofac.csproj" />
    <Project Path="src/Cogito.Seq.Serilog.Autofac/Cogito.Seq.Serilog.Autofac.csproj" />
    <Project Path="src/Cogito.Seq.Serilog/Cogito.Seq.Serilog.csproj" />
    <Project Path="src/Cogito.Seq/Cogito.Seq.csproj" />
  </Folder>
</Solution>
